
Microsoft Visual Studio Solution File, Format Version 12.00
# Visual Studio Version 17
VisualStudioVersion = 17.11.35303.130
MinimumVisualStudioVersion = 10.0.40219.1
Project("{9A19103F-16F7-4668-BE54-9A1E7A4F7556}") = "FanDuel.SportsDepthChart.NFL.Domain", "FanDuel.SportsDepthChart.NFL.Domain\FanDuel.SportsDepthChart.NFL.Domain.csproj", "{C7BDE255-816E-43D7-BE9D-C47A5AB9FC2B}"
EndProject
Project("{9A19103F-16F7-4668-BE54-9A1E7A4F7556}") = "FanDuel.SportsDepthChart.Tests", "FanDuel.SportsDepthChart.Tests\FanDuel.SportsDepthChart.Tests.csproj", "{DDBD9314-914D-4DF8-9830-4C42FB5C316E}"
EndProject
Project("{9A19103F-16F7-4668-BE54-9A1E7A4F7556}") = "FanDuel.SportsDepthChart.NFL.Core", "FanDuel.SportsDepthChart.NFL.Core\FanDuel.SportsDepthChart.NFL.Core.csproj", "{A1DF98EF-C076-4BD1-A889-5FB30D5C0AC2}"
EndProject
Project("{2150E333-8FDC-42A3-9474-1A3956D46DE8}") = "Solution Items", "Solution Items", "{4B63D79F-6459-47FA-A27F-6F1958680ACD}"
	ProjectSection(SolutionItems) = preProject
		README.md = README.md
	EndProjectSection
EndProject
Global
	GlobalSection(SolutionConfigurationPlatforms) = preSolution
		Debug|Any CPU = Debug|Any CPU
		Release|Any CPU = Release|Any CPU
	EndGlobalSection
	GlobalSection(ProjectConfigurationPlatforms) = postSolution
		{C7BDE255-816E-43D7-BE9D-C47A5AB9FC2B}.Debug|Any CPU.ActiveCfg = Debug|Any CPU
		{C7BDE255-816E-43D7-BE9D-C47A5AB9FC2B}.Debug|Any CPU.Build.0 = Debug|Any CPU
		{C7BDE255-816E-43D7-BE9D-C47A5AB9FC2B}.Release|Any CPU.ActiveCfg = Release|Any CPU
		{C7BDE255-816E-43D7-BE9D-C47A5AB9FC2B}.Release|Any CPU.Build.0 = Release|Any CPU
		{DDBD9314-914D-4DF8-9830-4C42FB5C316E}.Debug|Any CPU.ActiveCfg = Debug|Any CPU
		{DDBD9314-914D-4DF8-9830-4C42FB5C316E}.Debug|Any CPU.Build.0 = Debug|Any CPU
		{DDBD9314-914D-4DF8-9830-4C42FB5C316E}.Release|Any CPU.ActiveCfg = Release|Any CPU
		{DDBD9314-914D-4DF8-9830-4C42FB5C316E}.Release|Any CPU.Build.0 = Release|Any CPU
		{A1DF98EF-C076-4BD1-A889-5FB30D5C0AC2}.Debug|Any CPU.ActiveCfg = Debug|Any CPU
		{A1DF98EF-C076-4BD1-A889-5FB30D5C0AC2}.Debug|Any CPU.Build.0 = Debug|Any CPU
		{A1DF98EF-C076-4BD1-A889-5FB30D5C0AC2}.Release|Any CPU.ActiveCfg = Release|Any CPU
		{A1DF98EF-C076-4BD1-A889-5FB30D5C0AC2}.Release|Any CPU.Build.0 = Release|Any CPU
	EndGlobalSection
	GlobalSection(SolutionProperties) = preSolution
		HideSolutionNode = FALSE
	EndGlobalSection
	GlobalSection(ExtensibilityGlobals) = postSolution
		SolutionGuid = {39C65AE7-AE29-46C9-8E93-AF66D5519AF9}
	EndGlobalSection
EndGlobal
